
Microsoft Visual Studio Solution File, Format Version 12.00
# Visual Studio Version 17
VisualStudioVersion = 17.2.32602.215
MinimumVisualStudioVersion = 10.0.40219.1
Project("{9A19103F-16F7-4668-BE54-9A1E7A4F7556}") = "API", "API\API.csproj", "{71D8D126-D874-469D-B8D0-22535E30F138}"
EndProject
Project("{E24C65DC-7377-472B-9ABA-BC803B73C61A}") = "client", "client\", "{26F2DE75-20C7-411E-81F8-0753D72F3803}"
	ProjectSection(WebsiteProperties) = preProject
		TargetFrameworkMoniker = ".NETFramework,Version%3Dv4.0"
		Debug.AspNetCompiler.VirtualPath = "/localhost_60472"
		Debug.AspNetCompiler.PhysicalPath = "client\"
		Debug.AspNetCompiler.TargetPath = "PrecompiledWeb\localhost_60472\"
		Debug.AspNetCompiler.Updateable = "true"
		Debug.AspNetCompiler.ForceOverwrite = "true"
		Debug.AspNetCompiler.FixedNames = "false"
		Debug.AspNetCompiler.Debug = "True"
		Release.AspNetCompiler.VirtualPath = "/localhost_60472"
		Release.AspNetCompiler.PhysicalPath = "client\"
		Release.AspNetCompiler.TargetPath = "PrecompiledWeb\localhost_60472\"
		Release.AspNetCompiler.Updateable = "true"
		Release.AspNetCompiler.ForceOverwrite = "true"
		Release.AspNetCompiler.FixedNames = "false"
		Release.AspNetCompiler.Debug = "False"
		VWDPort = "60472"
		SlnRelativePath = "client\"
	EndProjectSection
EndProject
Global
	GlobalSection(SolutionConfigurationPlatforms) = preSolution
		Debug|Any CPU = Debug|Any CPU
		Release|Any CPU = Release|Any CPU
	EndGlobalSection
	GlobalSection(ProjectConfigurationPlatforms) = postSolution
		{71D8D126-D874-469D-B8D0-22535E30F138}.Debug|Any CPU.ActiveCfg = Debug|Any CPU
		{71D8D126-D874-469D-B8D0-22535E30F138}.Debug|Any CPU.Build.0 = Debug|Any CPU
		{71D8D126-D874-469D-B8D0-22535E30F138}.Release|Any CPU.ActiveCfg = Release|Any CPU
		{71D8D126-D874-469D-B8D0-22535E30F138}.Release|Any CPU.Build.0 = Release|Any CPU
		{26F2DE75-20C7-411E-81F8-0753D72F3803}.Debug|Any CPU.ActiveCfg = Debug|Any CPU
		{26F2DE75-20C7-411E-81F8-0753D72F3803}.Release|Any CPU.ActiveCfg = Debug|Any CPU
		{26F2DE75-20C7-411E-81F8-0753D72F3803}.Release|Any CPU.Build.0 = Debug|Any CPU
	EndGlobalSection
	GlobalSection(SolutionProperties) = preSolution
		HideSolutionNode = FALSE
	EndGlobalSection
	GlobalSection(ExtensibilityGlobals) = postSolution
		SolutionGuid = {633CF221-B367-4A49-A1CB-A729C7169D19}
	EndGlobalSection
EndGlobal
